
Microsoft Visual Studio Solution File, Format Version 12.00
# Visual Studio 2017
Project("{FAE04EC0-301F-11D3-BF4B-00C04F79EFBC}") = "Zombie_Apocalypse", "Zombie_Apocalypse.csproj", "{C70633F4-1D2F-94E6-8DBA-D798E513F64E}"
EndProject
Global
	GlobalSection(SolutionConfigurationPlatforms) = preSolution
		Debug|Any CPU = Debug|Any CPU
		Release|Any CPU = Release|Any CPU
	EndGlobalSection
	GlobalSection(ProjectConfigurationPlatforms) = postSolution
		{C70633F4-1D2F-94E6-8DBA-D798E513F64E}.Debug|Any CPU.ActiveCfg = Debug|Any CPU
		{C70633F4-1D2F-94E6-8DBA-D798E513F64E}.Debug|Any CPU.Build.0 = Debug|Any CPU
		{C70633F4-1D2F-94E6-8DBA-D798E513F64E}.Release|Any CPU.ActiveCfg = Release|Any CPU
		{C70633F4-1D2F-94E6-8DBA-D798E513F64E}.Release|Any CPU.Build.0 = Release|Any CPU
	EndGlobalSection
	GlobalSection(SolutionProperties) = preSolution
		HideSolutionNode = FALSE
	EndGlobalSection
EndGlobal
